<?xml version="1.0" encoding="utf-8"?>
<Project ToolsVersion="4.0" xmlns="http://schemas.microsoft.com/developer/msbuild/2003">
  <ItemGroup>
    <Filter Include="Scenes">
      <UniqueIdentifier>{86EEB3D0-7290-DEA6-5B4B-F2FA478C65F7}</UniqueIdentifier>
    </Filter>
  </ItemGroup>
  <ItemGroup>
    <ClInclude Include="Scenes\ExampleScene.h">
      <Filter>Scenes</Filter>
    </ClInclude>
    <ClInclude Include="Scenes\VolumeRendering.h" />
    <ClInclude Include="Scenes\TextureTest.h" />
  </ItemGroup>
  <ItemGroup>
    <ClCompile Include="Sandbox.cpp" />
  </ItemGroup>
  <ItemGroup>
    <None Include="Shaders\VolumeRenderer.shader" />
    <None Include="Shaders\skybox.shader" />
    <None Include="Shaders\Basic.shader" />
  </ItemGroup>
</Project>