<?xml version="1.0" encoding="utf-8"?>
<Project ToolsVersion="4.0" xmlns="http://schemas.microsoft.com/developer/msbuild/2003">
  <ItemGroup>
    <Filter Include="src">
      <UniqueIdentifier>{2DAB880B-99B4-887C-2230-9F7C8E38947C}</UniqueIdentifier>
    </Filter>
    <Filter Include="src\Camera">
      <UniqueIdentifier>{054BA008-F102-E255-5A0A-BBB146E17C46}</UniqueIdentifier>
    </Filter>
    <Filter Include="src\Events">
      <UniqueIdentifier>{7162C20E-5D1A-045C-C621-DDB7B2F89E4C}</UniqueIdentifier>
    </Filter>
    <Filter Include="src\Input">
      <UniqueIdentifier>{EC4823B3-58B3-D729-A1F1-88CF0D9BB57E}</UniqueIdentifier>
    </Filter>
    <Filter Include="src\OpenGL">
      <UniqueIdentifier>{C15FA925-AD17-EB72-161F-C4CE02F68563}</UniqueIdentifier>
    </Filter>
    <Filter Include="src\Scene">
      <UniqueIdentifier>{0A06D2B3-7670-862A-BFAE-37D02B58647F}</UniqueIdentifier>
    </Filter>
    <Filter Include="src\Skybox">
      <UniqueIdentifier>{9C51AE2E-8809-F07B-F110-C9D7DDE78A6C}</UniqueIdentifier>
    </Filter>
    <Filter Include="src\Window">
      <UniqueIdentifier>{74C3D837-607B-1A85-C982-F3E0B559B575}</UniqueIdentifier>
    </Filter>
    <Filter Include="vendor">
      <UniqueIdentifier>{B3738122-9F15-ACF8-88D0-BF4C74113349}</UniqueIdentifier>
    </Filter>
    <Filter Include="vendor\GLAD">
      <UniqueIdentifier>{1A7667C1-862B-E0B6-0F20-DA8D7BD4D6BA}</UniqueIdentifier>
    </Filter>
    <Filter Include="vendor\ImGui">
      <UniqueIdentifier>{1DA38CEE-0906-1C93-B28B-54499ECDE715}</UniqueIdentifier>
    </Filter>
    <Filter Include="vendor\STB">
      <UniqueIdentifier>{2B47C5A8-17FF-06F6-8006-E0516CDDA1E6}</UniqueIdentifier>
    </Filter>
  </ItemGroup>
  <ItemGroup>
    <ClInclude Include="src\Application.h">
      <Filter>src</Filter>
    </ClInclude>
    <ClInclude Include="src\Camera\Camera.h">
      <Filter>src\Camera</Filter>
    </ClInclude>
    <ClInclude Include="src\Camera\OrthographicCamera.h">
      <Filter>src\Camera</Filter>
    </ClInclude>
    <ClInclude Include="src\Camera\PerspectiveCamera.h">
      <Filter>src\Camera</Filter>
    </ClInclude>
    <ClInclude Include="src\Engine.h">
      <Filter>src</Filter>
    </ClInclude>
    <ClInclude Include="src\EntryPoint.h">
      <Filter>src</Filter>
    </ClInclude>
    <ClInclude Include="src\Events\Event.h">
      <Filter>src\Events</Filter>
    </ClInclude>
    <ClInclude Include="src\Events\KeyEvent.h">
      <Filter>src\Events</Filter>
    </ClInclude>
    <ClInclude Include="src\Events\MouseEvent.h">
      <Filter>src\Events</Filter>
    </ClInclude>
    <ClInclude Include="src\Events\WindowEvent.h">
      <Filter>src\Events</Filter>
    </ClInclude>
    <ClInclude Include="src\Input\InputDefines.h">
      <Filter>src\Input</Filter>
    </ClInclude>
    <ClInclude Include="src\Input\InputHandler.h">
      <Filter>src\Input</Filter>
    </ClInclude>
    <ClInclude Include="src\Log.h">
      <Filter>src</Filter>
    </ClInclude>
    <ClInclude Include="src\OpenGL\IndexBuffer.h">
      <Filter>src\OpenGL</Filter>
    </ClInclude>
    <ClInclude Include="src\OpenGL\OpenGLUtility.h">
      <Filter>src\OpenGL</Filter>
    </ClInclude>
    <ClInclude Include="src\OpenGL\Shader.h">
      <Filter>src\OpenGL</Filter>
    </ClInclude>
    <ClInclude Include="src\OpenGL\Texture.h">
      <Filter>src\OpenGL</Filter>
    </ClInclude>
    <ClInclude Include="src\OpenGL\VertexArray.h">
      <Filter>src\OpenGL</Filter>
    </ClInclude>
    <ClInclude Include="src\OpenGL\VertexBuffer.h">
      <Filter>src\OpenGL</Filter>
    </ClInclude>
    <ClInclude Include="src\Scene\Scene.h">
      <Filter>src\Scene</Filter>
    </ClInclude>
    <ClInclude Include="src\Scene\SceneManager.h">
      <Filter>src\Scene</Filter>
    </ClInclude>
    <ClInclude Include="src\Scene\SceneTemplate.h">
      <Filter>src\Scene</Filter>
    </ClInclude>
    <ClInclude Include="src\Skybox\SpherecalSkybox.h">
      <Filter>src\Skybox</Filter>
    </ClInclude>
    <ClInclude Include="src\Window\Window.h">
      <Filter>src\Window</Filter>
    </ClInclude>
    <ClInclude Include="vendor\ImGui\imconfig.h">
      <Filter>vendor\ImGui</Filter>
    </ClInclude>
    <ClInclude Include="vendor\ImGui\imgui.h">
      <Filter>vendor\ImGui</Filter>
    </ClInclude>
    <ClInclude Include="vendor\ImGui\imgui_impl_glfw.h">
      <Filter>vendor\ImGui</Filter>
    </ClInclude>
    <ClInclude Include="vendor\ImGui\imgui_impl_opengl3.h">
      <Filter>vendor\ImGui</Filter>
    </ClInclude>
    <ClInclude Include="vendor\ImGui\imgui_impl_opengl3_loader.h">
      <Filter>vendor\ImGui</Filter>
    </ClInclude>
    <ClInclude Include="vendor\ImGui\imgui_internal.h">
      <Filter>vendor\ImGui</Filter>
    </ClInclude>
    <ClInclude Include="vendor\ImGui\imstb_rectpack.h">
      <Filter>vendor\ImGui</Filter>
    </ClInclude>
    <ClInclude Include="vendor\ImGui\imstb_textedit.h">
      <Filter>vendor\ImGui</Filter>
    </ClInclude>
    <ClInclude Include="vendor\ImGui\imstb_truetype.h">
      <Filter>vendor\ImGui</Filter>
    </ClInclude>
    <ClInclude Include="src\GUI\DockSpace.h" />
    <ClInclude Include="src\GUI\ImGuiLayer.h" />
    <ClInclude Include="src\GUI\ImGuiThemes.h" />
    <ClInclude Include="src\OpenGL\FrameBuffer.h" />
    <ClInclude Include="src\Noise\PerlinNoise2D.h" />
    <ClInclude Include="src\Noise\PerlinNoise3D.h" />
    <ClInclude Include="src\Random\AddWithCarry.h" />
    <ClInclude Include="src\Random\BitConverter.h" />
    <ClInclude Include="src\Random\LaggedFibonacciGenerator.h" />
    <ClInclude Include="src\Random\LaggedFibonacciGenerator64.h" />
    <ClInclude Include="src\Random\MersenneTwister.h" />
    <ClInclude Include="src\Random\MersenneTwister64.h" />
    <ClInclude Include="src\Random\MultiplyWithCarry.h" />
    <ClInclude Include="src\Random\Random.h" />
    <ClInclude Include="src\Random\Xorshift.h" />
    <ClInclude Include="src\Random\Xorshift64.h" />
    <ClInclude Include="src\Utility.h" />
    <ClInclude Include="src\Model\ProceduralMeshGenerator.h" />
    <ClInclude Include="src\Model\Mesh.h" />
    <ClInclude Include="src\OpenGL\Texture1D.h" />
    <ClInclude Include="src\OpenGL\Texture2D.h" />
    <ClInclude Include="src\OpenGL\Texture3D.h" />
    <ClInclude Include="src\OpenGL\TextureUtility.h" />
  </ItemGroup>
  <ItemGroup>
    <ClCompile Include="src\Application.cpp">
      <Filter>src</Filter>
    </ClCompile>
    <ClCompile Include="src\Input\InputHandler.cpp">
      <Filter>src\Input</Filter>
    </ClCompile>
    <ClCompile Include="src\Log.cpp">
      <Filter>src</Filter>
    </ClCompile>
    <ClCompile Include="src\OpenGL\IndexBuffer.cpp">
      <Filter>src\OpenGL</Filter>
    </ClCompile>
    <ClCompile Include="src\OpenGL\Shader.cpp">
      <Filter>src\OpenGL</Filter>
    </ClCompile>
    <ClCompile Include="src\OpenGL\Texture.cpp">
      <Filter>src\OpenGL</Filter>
    </ClCompile>
    <ClCompile Include="src\OpenGL\VertexArray.cpp">
      <Filter>src\OpenGL</Filter>
    </ClCompile>
    <ClCompile Include="src\OpenGL\VertexBuffer.cpp">
      <Filter>src\OpenGL</Filter>
    </ClCompile>
    <ClCompile Include="src\Scene\Scene.cpp">
      <Filter>src\Scene</Filter>
    </ClCompile>
    <ClCompile Include="src\Scene\SceneManager.cpp">
      <Filter>src\Scene</Filter>
    </ClCompile>
    <ClCompile Include="src\Window\Window.cpp">
      <Filter>src\Window</Filter>
    </ClCompile>
    <ClCompile Include="vendor\GLAD\glad.c">
      <Filter>vendor\GLAD</Filter>
    </ClCompile>
    <ClCompile Include="vendor\ImGui\imgui.cpp">
      <Filter>vendor\ImGui</Filter>
    </ClCompile>
    <ClCompile Include="vendor\ImGui\imgui_demo.cpp">
      <Filter>vendor\ImGui</Filter>
    </ClCompile>
    <ClCompile Include="vendor\ImGui\imgui_draw.cpp">
      <Filter>vendor\ImGui</Filter>
    </ClCompile>
    <ClCompile Include="vendor\ImGui\imgui_impl_glfw.cpp">
      <Filter>vendor\ImGui</Filter>
    </ClCompile>
    <ClCompile Include="vendor\ImGui\imgui_impl_opengl3.cpp">
      <Filter>vendor\ImGui</Filter>
    </ClCompile>
    <ClCompile Include="vendor\ImGui\imgui_tables.cpp">
      <Filter>vendor\ImGui</Filter>
    </ClCompile>
    <ClCompile Include="vendor\ImGui\imgui_widgets.cpp">
      <Filter>vendor\ImGui</Filter>
    </ClCompile>
    <ClCompile Include="vendor\STB\stb_image.c">
      <Filter>vendor\STB</Filter>
    </ClCompile>
    <ClCompile Include="src\GUI\ImGuiLayer.cpp" />
    <ClCompile Include="src\OpenGL\FrameBuffer.cpp" />
    <ClCompile Include="src\Random\BitConverter.cpp" />
    <ClCompile Include="src\Noise\PerlinNoiseImp.cpp" />
    <ClCompile Include="src\Model\ProceduralMeshGenerator.cpp" />
    <ClCompile Include="src\OpenGL\Texture1D.cpp" />
    <ClCompile Include="src\OpenGL\Texture2D.cpp" />
    <ClCompile Include="src\OpenGL\Texture3D.cpp" />
  </ItemGroup>
</Project>